
Microsoft Visual Studio Solution File, Format Version 12.00
# Visual Studio Version 17
VisualStudioVersion = 17.14.36221.1 d17.14
MinimumVisualStudioVersion = 10.0.40219.1
Project("{FAE04EC0-301F-11D3-BF4B-00C04F79EFBC}") = "canten", "canten\canten.csproj", "{2E28F45B-49EB-41ED-A6A3-251EDF6479C6}"
EndProject
Global
	GlobalSection(SolutionConfigurationPlatforms) = preSolution
		Debug|Any CPU = Debug|Any CPU
		Release|Any CPU = Release|Any CPU
	EndGlobalSection
	GlobalSection(ProjectConfigurationPlatforms) = postSolution
		{2E28F45B-49EB-41ED-A6A3-251EDF6479C6}.Debug|Any CPU.ActiveCfg = Debug|Any CPU
		{2E28F45B-49EB-41ED-A6A3-251EDF6479C6}.Debug|Any CPU.Build.0 = Debug|Any CPU
		{2E28F45B-49EB-41ED-A6A3-251EDF6479C6}.Release|Any CPU.ActiveCfg = Release|Any CPU
		{2E28F45B-49EB-41ED-A6A3-251EDF6479C6}.Release|Any CPU.Build.0 = Release|Any CPU
	EndGlobalSection
	GlobalSection(SolutionProperties) = preSolution
		HideSolutionNode = FALSE
	EndGlobalSection
	GlobalSection(ExtensibilityGlobals) = postSolution
		SolutionGuid = {4B6DDC82-44E3-42A8-B056-40F04A09C4B9}
	EndGlobalSection
EndGlobal
