
Microsoft Visual Studio Solution File, Format Version 12.00
# Visual Studio Version 17
VisualStudioVersion = 17.14.36221.1 d17.14
MinimumVisualStudioVersion = 10.0.40219.1
Project("{FAE04EC0-301F-11D3-BF4B-00C04F79EFBC}") = "Restaurant Management Demo2", "Restaurant Management Demo2\Restaurant Management Demo2.csproj", "{F774F424-903A-49A8-95DD-5574F57A631A}"
EndProject
Global
	GlobalSection(SolutionConfigurationPlatforms) = preSolution
		Debug|Any CPU = Debug|Any CPU
		Release|Any CPU = Release|Any CPU
	EndGlobalSection
	GlobalSection(ProjectConfigurationPlatforms) = postSolution
		{F774F424-903A-49A8-95DD-5574F57A631A}.Debug|Any CPU.ActiveCfg = Debug|Any CPU
		{F774F424-903A-49A8-95DD-5574F57A631A}.Debug|Any CPU.Build.0 = Debug|Any CPU
		{F774F424-903A-49A8-95DD-5574F57A631A}.Release|Any CPU.ActiveCfg = Release|Any CPU
		{F774F424-903A-49A8-95DD-5574F57A631A}.Release|Any CPU.Build.0 = Release|Any CPU
	EndGlobalSection
	GlobalSection(SolutionProperties) = preSolution
		HideSolutionNode = FALSE
	EndGlobalSection
	GlobalSection(ExtensibilityGlobals) = postSolution
		SolutionGuid = {C06ACB3F-9ECD-4402-B3DE-B6C6930CA225}
	EndGlobalSection
EndGlobal
