
Microsoft Visual Studio Solution File, Format Version 12.00
# Visual Studio Version 17
VisualStudioVersion = 17.14.36221.1 d17.14
MinimumVisualStudioVersion = 10.0.40219.1
Project("{FAE04EC0-301F-11D3-BF4B-00C04F79EFBC}") = "ExtentionMethod", "ExtentionMethod\ExtentionMethod.csproj", "{D5C69247-F75C-48E4-A964-88F2DDF3A3AF}"
EndProject
Global
	GlobalSection(SolutionConfigurationPlatforms) = preSolution
		Debug|Any CPU = Debug|Any CPU
		Release|Any CPU = Release|Any CPU
	EndGlobalSection
	GlobalSection(ProjectConfigurationPlatforms) = postSolution
		{D5C69247-F75C-48E4-A964-88F2DDF3A3AF}.Debug|Any CPU.ActiveCfg = Debug|Any CPU
		{D5C69247-F75C-48E4-A964-88F2DDF3A3AF}.Debug|Any CPU.Build.0 = Debug|Any CPU
		{D5C69247-F75C-48E4-A964-88F2DDF3A3AF}.Release|Any CPU.ActiveCfg = Release|Any CPU
		{D5C69247-F75C-48E4-A964-88F2DDF3A3AF}.Release|Any CPU.Build.0 = Release|Any CPU
	EndGlobalSection
	GlobalSection(SolutionProperties) = preSolution
		HideSolutionNode = FALSE
	EndGlobalSection
	GlobalSection(ExtensibilityGlobals) = postSolution
		SolutionGuid = {03BB5362-69F6-4669-8D89-0E201AD76BB2}
	EndGlobalSection
EndGlobal
